
Microsoft Visual Studio Solution File, Format Version 12.00
# Visual Studio Version 17
VisualStudioVersion = 17.9.34607.119
MinimumVisualStudioVersion = 10.0.40219.1
Project("{FAE04EC0-301F-11D3-BF4B-00C04F79EFBC}") = "LabF10", "LabF10.csproj", "{8581E374-E630-42BD-AB67-E06A0EA46B0D}"
EndProject
Global
	GlobalSection(SolutionConfigurationPlatforms) = preSolution
		Debug|Any CPU = Debug|Any CPU
		Release|Any CPU = Release|Any CPU
	EndGlobalSection
	GlobalSection(ProjectConfigurationPlatforms) = postSolution
		{8581E374-E630-42BD-AB67-E06A0EA46B0D}.Debug|Any CPU.ActiveCfg = Debug|Any CPU
		{8581E374-E630-42BD-AB67-E06A0EA46B0D}.Debug|Any CPU.Build.0 = Debug|Any CPU
		{8581E374-E630-42BD-AB67-E06A0EA46B0D}.Release|Any CPU.ActiveCfg = Release|Any CPU
		{8581E374-E630-42BD-AB67-E06A0EA46B0D}.Release|Any CPU.Build.0 = Release|Any CPU
	EndGlobalSection
	GlobalSection(SolutionProperties) = preSolution
		HideSolutionNode = FALSE
	EndGlobalSection
	GlobalSection(ExtensibilityGlobals) = postSolution
		SolutionGuid = {39BCDAED-AC92-4C70-BD69-137980A8954A}
	EndGlobalSection
EndGlobal
